
Microsoft Visual Studio Solution File, Format Version 12.00
# Visual Studio Version 17
VisualStudioVersion = 17.8.34322.80
MinimumVisualStudioVersion = 10.0.40219.1
Project("{9A19103F-16F7-4668-BE54-9A1E7A4F7556}") = "Core", "Core\Core.csproj", "{498C709A-CC6B-47CE-AA72-C89ABBC1ABE6}"
EndProject
Project("{9A19103F-16F7-4668-BE54-9A1E7A4F7556}") = "Data_Structures", "Data_Structures\Data_Structures.csproj", "{CC0FD348-C751-4E57-AF88-FFBE766CBB82}"
EndProject
Project("{9A19103F-16F7-4668-BE54-9A1E7A4F7556}") = "Text_Operators", "Text_Operators\Text_Operators.csproj", "{F6350B6B-F926-49C8-A56E-28226E5E8676}"
EndProject
Project("{FAE04EC0-301F-11D3-BF4B-00C04F79EFBC}") = "Common", "Common\Common.csproj", "{9645AFE8-ED62-4F72-9084-8418F6503AE8}"
EndProject
Global
	GlobalSection(SolutionConfigurationPlatforms) = preSolution
		Debug|Any CPU = Debug|Any CPU
		Release|Any CPU = Release|Any CPU
	EndGlobalSection
	GlobalSection(ProjectConfigurationPlatforms) = postSolution
		{498C709A-CC6B-47CE-AA72-C89ABBC1ABE6}.Debug|Any CPU.ActiveCfg = Debug|Any CPU
		{498C709A-CC6B-47CE-AA72-C89ABBC1ABE6}.Debug|Any CPU.Build.0 = Debug|Any CPU
		{498C709A-CC6B-47CE-AA72-C89ABBC1ABE6}.Release|Any CPU.ActiveCfg = Release|Any CPU
		{498C709A-CC6B-47CE-AA72-C89ABBC1ABE6}.Release|Any CPU.Build.0 = Release|Any CPU
		{CC0FD348-C751-4E57-AF88-FFBE766CBB82}.Debug|Any CPU.ActiveCfg = Debug|Any CPU
		{CC0FD348-C751-4E57-AF88-FFBE766CBB82}.Debug|Any CPU.Build.0 = Debug|Any CPU
		{CC0FD348-C751-4E57-AF88-FFBE766CBB82}.Release|Any CPU.ActiveCfg = Release|Any CPU
		{CC0FD348-C751-4E57-AF88-FFBE766CBB82}.Release|Any CPU.Build.0 = Release|Any CPU
		{F6350B6B-F926-49C8-A56E-28226E5E8676}.Debug|Any CPU.ActiveCfg = Debug|Any CPU
		{F6350B6B-F926-49C8-A56E-28226E5E8676}.Debug|Any CPU.Build.0 = Debug|Any CPU
		{F6350B6B-F926-49C8-A56E-28226E5E8676}.Release|Any CPU.ActiveCfg = Release|Any CPU
		{F6350B6B-F926-49C8-A56E-28226E5E8676}.Release|Any CPU.Build.0 = Release|Any CPU
		{9645AFE8-ED62-4F72-9084-8418F6503AE8}.Debug|Any CPU.ActiveCfg = Debug|Any CPU
		{9645AFE8-ED62-4F72-9084-8418F6503AE8}.Debug|Any CPU.Build.0 = Debug|Any CPU
		{9645AFE8-ED62-4F72-9084-8418F6503AE8}.Release|Any CPU.ActiveCfg = Release|Any CPU
		{9645AFE8-ED62-4F72-9084-8418F6503AE8}.Release|Any CPU.Build.0 = Release|Any CPU
	EndGlobalSection
	GlobalSection(SolutionProperties) = preSolution
		HideSolutionNode = FALSE
	EndGlobalSection
	GlobalSection(ExtensibilityGlobals) = postSolution
		SolutionGuid = {C173220C-C14B-43B6-9D28-6DFD9278B3C8}
	EndGlobalSection
EndGlobal
